// !$*UTF8*$!
{
	archiveVersion = 1;
	classes = {
	};
	objectVersion = 46;
	objects = {

/* Begin PBXBuildFile section */
		0166085413927A7A00767D18 /* main.cpp in Sources */ = {isa = PBXBuildFile; fileRef = 0166085313927A7A00767D18 /* main.cpp */; };
/* End PBXBuildFile section */

/* Begin PBXCopyFilesBuildPhase section */
		0166084D13927A7A00767D18 /* CopyFiles */ = {
			isa = PBXCopyFilesBuildPhase;
			buildActionMask = 2147483647;
			dstPath = /usr/share/man/man1/;
			dstSubfolderSpec = 0;
			files = (
			);
			runOnlyForDeploymentPostprocessing = 1;
		};
/* End PBXCopyFilesBuildPhase section */

/* Begin PBXFileReference section */
		0166084F13927A7A00767D18 /* SprawlClient */ = {isa = PBXFileReference; explicitFileType = "compiled.mach-o.executable"; includeInIndex = 0; path = SprawlClient; sourceTree = BUILT_PRODUCTS_DIR; };
		0166085313927A7A00767D18 /* main.cpp */ = {isa = PBXFileReference; lastKnownFileType = sourcecode.cpp.cpp; path = main.cpp; sourceTree = "<group>"; };
		0166085513927A7A00767D18 /* SprawlClient.1 */ = {isa = PBXFileReference; lastKnownFileType = text.man; path = SprawlClient.1; sourceTree = "<group>"; };
/* End PBXFileReference section */

/* Begin PBXFrameworksBuildPhase section */
		0166084C13927A7A00767D18 /* Frameworks */ = {
			isa = PBXFrameworksBuildPhase;
			buildActionMask = 2147483647;
			files = (
			);
			runOnlyForDeploymentPostprocessing = 0;
		};
/* End PBXFrameworksBuildPhase section */

/* Begin PBXGroup section */
		0166084413927A7900767D18 = {
			isa = PBXGroup;
			children = (
				0166085213927A7A00767D18 /* SprawlClient */,
				0166085013927A7A00767D18 /* Products */,
			);
			sourceTree = "<group>";
		};
		0166085013927A7A00767D18 /* Products */ = {
			isa = PBXGroup;
			children = (
				0166084F13927A7A00767D18 /* SprawlClient */,
			);
			name = Products;
			sourceTree = "<group>";
		};
		0166085213927A7A00767D18 /* SprawlClient */ = {
			isa = PBXGroup;
			children = (
				0166085313927A7A00767D18 /* main.cpp */,
				0166085513927A7A00767D18 /* SprawlClient.1 */,
			);
			path = SprawlClient;
			sourceTree = "<group>";
		};
/* End PBXGroup section */

/* Begin PBXNativeTarget section */
		0166084E13927A7A00767D18 /* SprawlClient */ = {
			isa = PBXNativeTarget;
			buildConfigurationList = 0166085813927A7A00767D18 /* Build configuration list for PBXNativeTarget "SprawlClient" */;
			buildPhases = (
				0166084B13927A7A00767D18 /* Sources */,
				0166084C13927A7A00767D18 /* Frameworks */,
				0166084D13927A7A00767D18 /* CopyFiles */,
			);
			buildRules = (
			);
			dependencies = (
			);
			name = SprawlClient;
			productName = SprawlClient;
			productReference = 0166084F13927A7A00767D18 /* SprawlClient */;
			productType = "com.apple.product-type.tool";
		};
/* End PBXNativeTarget section */

/* Begin PBXProject section */
		0166084613927A7900767D18 /* Project object */ = {
			isa = PBXProject;
			buildConfigurationList = 0166084913927A7900767D18 /* Build configuration list for PBXProject "SprawlClient" */;
			compatibilityVersion = "Xcode 3.2";
			developmentRegion = English;
			hasScannedForEncodings = 0;
			knownRegions = (
				en,
			);
			mainGroup = 0166084413927A7900767D18;
			productRefGroup = 0166085013927A7A00767D18 /* Products */;
			projectDirPath = "";
			projectRoot = "";
			targets = (
				0166084E13927A7A00767D18 /* SprawlClient */,
			);
		};
/* End PBXProject section */

/* Begin PBXSourcesBuildPhase section */
		0166084B13927A7A00767D18 /* Sources */ = {
			isa = PBXSourcesBuildPhase;
			buildActionMask = 2147483647;
			files = (
				0166085413927A7A00767D18 /* main.cpp in Sources */,
			);
			runOnlyForDeploymentPostprocessing = 0;
		};
/* End PBXSourcesBuildPhase section */

/* Begin XCBuildConfiguration section */
		0166085613927A7A00767D18 /* Debug */ = {
			isa = XCBuildConfiguration;
			buildSettings = {
				ARCHS = "$(ARCHS_STANDARD_32_64_BIT)";
				GCC_C_LANGUAGE_STANDARD = gnu99;
				GCC_OPTIMIZATION_LEVEL = 0;
				GCC_PREPROCESSOR_DEFINITIONS = DEBUG;
				GCC_SYMBOLS_PRIVATE_EXTERN = NO;
				GCC_VERSION = com.apple.compilers.llvm.clang.1_0;
				GCC_WARN_64_TO_32_BIT_CONVERSION = YES;
				GCC_WARN_ABOUT_RETURN_TYPE = YES;
				GCC_WARN_UNUSED_VARIABLE = YES;
				MACOSX_DEPLOYMENT_TARGET = 10.6;
				ONLY_ACTIVE_ARCH = YES;
				SDKROOT = macosx;
			};
			name = Debug;
		};
		0166085713927A7A00767D18 /* Release */ = {
			isa = XCBuildConfiguration;
			buildSettings = {
				ARCHS = "$(ARCHS_STANDARD_32_64_BIT)";
				GCC_C_LANGUAGE_STANDARD = gnu99;
				GCC_VERSION = com.apple.compilers.llvm.clang.1_0;
				GCC_WARN_64_TO_32_BIT_CONVERSION = YES;
				GCC_WARN_ABOUT_RETURN_TYPE = YES;
				GCC_WARN_UNUSED_VARIABLE = YES;
				MACOSX_DEPLOYMENT_TARGET = 10.6;
				SDKROOT = macosx;
			};
			name = Release;
		};
		0166085913927A7A00767D18 /* Debug */ = {
			isa = XCBuildConfiguration;
			buildSettings = {
				ALWAYS_SEARCH_USER_PATHS = NO;
				COPY_PHASE_STRIP = NO;
				GCC_DYNAMIC_NO_PIC = NO;
				GCC_ENABLE_OBJC_EXCEPTIONS = YES;
				PRODUCT_NAME = "$(TARGET_NAME)";
			};
			name = Debug;
		};
		0166085A13927A7A00767D18 /* Release */ = {
			isa = XCBuildConfiguration;
			buildSettings = {
				ALWAYS_SEARCH_USER_PATHS = NO;
				COPY_PHASE_STRIP = YES;
				DEBUG_INFORMATION_FORMAT = "dwarf-with-dsym";
				GCC_ENABLE_OBJC_EXCEPTIONS = YES;
				PRODUCT_NAME = "$(TARGET_NAME)";
			};
			name = Release;
		};
/* End XCBuildConfiguration section */

/* Begin XCConfigurationList section */
		0166084913927A7900767D18 /* Build configuration list for PBXProject "SprawlClient" */ = {
			isa = XCConfigurationList;
			buildConfigurations = (
				0166085613927A7A00767D18 /* Debug */,
				0166085713927A7A00767D18 /* Release */,
			);
			defaultConfigurationIsVisible = 0;
			defaultConfigurationName = Release;
		};
		0166085813927A7A00767D18 /* Build configuration list for PBXNativeTarget "SprawlClient" */ = {
			isa = XCConfigurationList;
			buildConfigurations = (
				0166085913927A7A00767D18 /* Debug */,
				0166085A13927A7A00767D18 /* Release */,
			);
			defaultConfigurationIsVisible = 0;
		};
/* End XCConfigurationList section */
	};
	rootObject = 0166084613927A7900767D18 /* Project object */;
}
